{
  "name": "@chevp/egf",
  "version": "0.1.0",
  "lockfileVersion": 3,
  "requires": true,
  "packages": {
    "": {
      "name": "@chevp/egf",
      "version": "0.1.0",
      "license": "MIT",
      "bin": {
        "egf": "bin/egf.js"
      },
      "engines": {
        "node": ">=18"
      }
    }
  }
}
